// !$*UTF8*$!
{
	archiveVersion = 1;
	classes = {
	};
	objectVersion = 46;
	objects = {

/* Begin PBXBuildFile section */
		D397631A1E84EDB100BC6097 /* main.m in Sources */ = {isa = PBXBuildFile; fileRef = D39763191E84EDB100BC6097 /* main.m */; };
		D397631D1E84EDB100BC6097 /* AppDelegate.m in Sources */ = {isa = PBXBuildFile; fileRef = D397631C1E84EDB100BC6097 /* AppDelegate.m */; };
		D39763201E84EDB100BC6097 /* ViewController.m in Sources */ = {isa = PBXBuildFile; fileRef = D397631F1E84EDB100BC6097 /* ViewController.m */; };
		D39763231E84EDB100BC6097 /* Main.storyboard in Resources */ = {isa = PBXBuildFile; fileRef = D39763211E84EDB100BC6097 /* Main.storyboard */; };
		D39763251E84EDB100BC6097 /* Assets.xcassets in Resources */ = {isa = PBXBuildFile; fileRef = D39763241E84EDB100BC6097 /* Assets.xcassets */; };
		D39763281E84EDB100BC6097 /* LaunchScreen.storyboard in Resources */ = {isa = PBXBuildFile; fileRef = D39763261E84EDB100BC6097 /* LaunchScreen.storyboard */; };
/* End PBXBuildFile section */

/* Begin PBXFileReference section */
		D39763151E84EDB100BC6097 /* ExeToExp.app */ = {isa = PBXFileReference; explicitFileType = wrapper.application; includeInIndex = 0; path = ExeToExp.app; sourceTree = BUILT_PRODUCTS_DIR; };
		D39763191E84EDB100BC6097 /* main.m */ = {isa = PBXFileReference; lastKnownFileType = sourcecode.c.objc; path = main.m; sourceTree = "<group>"; };
		D397631B1E84EDB100BC6097 /* AppDelegate.h */ = {isa = PBXFileReference; lastKnownFileType = sourcecode.c.h; path = AppDelegate.h; sourceTree = "<group>"; };
		D397631C1E84EDB100BC6097 /* AppDelegate.m */ = {isa = PBXFileReference; lastKnownFileType = sourcecode.c.objc; path = AppDelegate.m; sourceTree = "<group>"; };
		D397631E1E84EDB100BC6097 /* ViewController.h */ = {isa = PBXFileReference; lastKnownFileType = sourcecode.c.h; path = ViewController.h; sourceTree = "<group>"; };
		D397631F1E84EDB100BC6097 /* ViewController.m */ = {isa = PBXFileReference; lastKnownFileType = sourcecode.c.objc; path = ViewController.m; sourceTree = "<group>"; };
		D39763221E84EDB100BC6097 /* Base */ = {isa = PBXFileReference; lastKnownFileType = file.storyboard; name = Base; path = Base.lproj/Main.storyboard; sourceTree = "<group>"; };
		D39763241E84EDB100BC6097 /* Assets.xcassets */ = {isa = PBXFileReference; lastKnownFileType = folder.assetcatalog; path = Assets.xcassets; sourceTree = "<group>"; };
		D39763271E84EDB100BC6097 /* Base */ = {isa = PBXFileReference; lastKnownFileType = file.storyboard; name = Base; path = Base.lproj/LaunchScreen.storyboard; sourceTree = "<group>"; };
		D39763291E84EDB100BC6097 /* Info.plist */ = {isa = PBXFileReference; lastKnownFileType = text.plist.xml; path = Info.plist; sourceTree = "<group>"; };
/* End PBXFileReference section */

/* Begin PBXFrameworksBuildPhase section */
		D39763121E84EDB100BC6097 /* Frameworks */ = {
			isa = PBXFrameworksBuildPhase;
			buildActionMask = 2147483647;
			files = (
			);
			runOnlyForDeploymentPostprocessing = 0;
		};
/* End PBXFrameworksBuildPhase section */

/* Begin PBXGroup section */
		D397630C1E84EDB100BC6097 = {
			isa = PBXGroup;
			children = (
				D39763171E84EDB100BC6097 /* ExeToExp */,
				D39763161E84EDB100BC6097 /* Products */,
			);
			sourceTree = "<group>";
		};
		D39763161E84EDB100BC6097 /* Products */ = {
			isa = PBXGroup;
			children = (
				D39763151E84EDB100BC6097 /* ExeToExp.app */,
			);
			name = Products;
			sourceTree = "<group>";
		};
		D39763171E84EDB100BC6097 /* ExeToExp */ = {
			isa = PBXGroup;
			children = (
				D397631B1E84EDB100BC6097 /* AppDelegate.h */,
				D397631C1E84EDB100BC6097 /* AppDelegate.m */,
				D397631E1E84EDB100BC6097 /* ViewController.h */,
				D397631F1E84EDB100BC6097 /* ViewController.m */,
				D39763211E84EDB100BC6097 /* Main.storyboard */,
				D39763241E84EDB100BC6097 /* Assets.xcassets */,
				D39763261E84EDB100BC6097 /* LaunchScreen.storyboard */,
				D39763291E84EDB100BC6097 /* Info.plist */,
				D39763181E84EDB100BC6097 /* Supporting Files */,
			);
			path = ExeToExp;
			sourceTree = "<group>";
		};
		D39763181E84EDB100BC6097 /* Supporting Files */ = {
			isa = PBXGroup;
			children = (
				D39763191E84EDB100BC6097 /* main.m */,
			);
			name = "Supporting Files";
			sourceTree = "<group>";
		};
/* End PBXGroup section */

/* Begin PBXNativeTarget section */
		D39763141E84EDB100BC6097 /* ExeToExp */ = {
			isa = PBXNativeTarget;
			buildConfigurationList = D397632C1E84EDB100BC6097 /* Build configuration list for PBXNativeTarget "ExeToExp" */;
			buildPhases = (
				D39763111E84EDB100BC6097 /* Sources */,
				D39763121E84EDB100BC6097 /* Frameworks */,
				D39763131E84EDB100BC6097 /* Resources */,
			);
			buildRules = (
			);
			dependencies = (
			);
			name = ExeToExp;
			productName = ExeToExp;
			productReference = D39763151E84EDB100BC6097 /* ExeToExp.app */;
			productType = "com.apple.product-type.application";
		};
/* End PBXNativeTarget section */

/* Begin PBXProject section */
		D397630D1E84EDB100BC6097 /* Project object */ = {
			isa = PBXProject;
			attributes = {
				LastUpgradeCheck = 0810;
				ORGANIZATIONNAME = LOLITA;
				TargetAttributes = {
					D39763141E84EDB100BC6097 = {
						CreatedOnToolsVersion = 8.1;
						DevelopmentTeam = DY8NXRF8KD;
						ProvisioningStyle = Automatic;
					};
				};
			};
			buildConfigurationList = D39763101E84EDB100BC6097 /* Build configuration list for PBXProject "ExeToExp" */;
			compatibilityVersion = "Xcode 3.2";
			developmentRegion = English;
			hasScannedForEncodings = 0;
			knownRegions = (
				en,
				Base,
			);
			mainGroup = D397630C1E84EDB100BC6097;
			productRefGroup = D39763161E84EDB100BC6097 /* Products */;
			projectDirPath = "";
			projectRoot = "";
			targets = (
				D39763141E84EDB100BC6097 /* ExeToExp */,
			);
		};
/* End PBXProject section */

/* Begin PBXResourcesBuildPhase section */
		D39763131E84EDB100BC6097 /* Resources */ = {
			isa = PBXResourcesBuildPhase;
			buildActionMask = 2147483647;
			files = (
				D39763281E84EDB100BC6097 /* LaunchScreen.storyboard in Resources */,
				D39763251E84EDB100BC6097 /* Assets.xcassets in Resources */,
				D39763231E84EDB100BC6097 /* Main.storyboard in Resources */,
			);
			runOnlyForDeploymentPostprocessing = 0;
		};
/* End PBXResourcesBuildPhase section */

/* Begin PBXSourcesBuildPhase section */
		D39763111E84EDB100BC6097 /* Sources */ = {
			isa = PBXSourcesBuildPhase;
			buildActionMask = 2147483647;
			files = (
				D39763201E84EDB100BC6097 /* ViewController.m in Sources */,
				D397631D1E84EDB100BC6097 /* AppDelegate.m in Sources */,
				D397631A1E84EDB100BC6097 /* main.m in Sources */,
			);
			runOnlyForDeploymentPostprocessing = 0;
		};
/* End PBXSourcesBuildPhase section */

/* Begin PBXVariantGroup section */
		D39763211E84EDB100BC6097 /* Main.storyboard */ = {
			isa = PBXVariantGroup;
			children = (
				D39763221E84EDB100BC6097 /* Base */,
			);
			name = Main.storyboard;
			sourceTree = "<group>";
		};
		D39763261E84EDB100BC6097 /* LaunchScreen.storyboard */ = {
			isa = PBXVariantGroup;
			children = (
				D39763271E84EDB100BC6097 /* Base */,
			);
			name = LaunchScreen.storyboard;
			sourceTree = "<group>";
		};
/* End PBXVariantGroup section */

/* Begin XCBuildConfiguration section */
		D397632A1E84EDB100BC6097 /* Debug */ = {
			isa = XCBuildConfiguration;
			buildSettings = {
				ALWAYS_SEARCH_USER_PATHS = NO;
				CLANG_ANALYZER_NONNULL = YES;
				CLANG_CXX_LANGUAGE_STANDARD = "gnu++0x";
				CLANG_CXX_LIBRARY = "libc++";
				CLANG_ENABLE_MODULES = YES;
				CLANG_ENABLE_OBJC_ARC = YES;
				CLANG_WARN_BOOL_CONVERSION = YES;
				CLANG_WARN_CONSTANT_CONVERSION = YES;
				CLANG_WARN_DIRECT_OBJC_ISA_USAGE = YES_ERROR;
				CLANG_WARN_DOCUMENTATION_COMMENTS = YES;
				CLANG_WARN_EMPTY_BODY = YES;
				CLANG_WARN_ENUM_CONVERSION = YES;
				CLANG_WARN_INFINITE_RECURSION = YES;
				CLANG_WARN_INT_CONVERSION = YES;
				CLANG_WARN_OBJC_ROOT_CLASS = YES_ERROR;
				CLANG_WARN_SUSPICIOUS_MOVES = YES;
				CLANG_WARN_UNREACHABLE_CODE = YES;
				CLANG_WARN__DUPLICATE_METHOD_MATCH = YES;
				"CODE_SIGN_IDENTITY[sdk=iphoneos*]" = "iPhone Developer";
				COPY_PHASE_STRIP = NO;
				DEBUG_INFORMATION_FORMAT = dwarf;
				ENABLE_STRICT_OBJC_MSGSEND = YES;
				ENABLE_TESTABILITY = YES;
				GCC_C_LANGUAGE_STANDARD = gnu99;
				GCC_DYNAMIC_NO_PIC = NO;
				GCC_NO_COMMON_BLOCKS = YES;
				GCC_OPTIMIZATION_LEVEL = 0;
				GCC_PREPROCESSOR_DEFINITIONS = (
					"DEBUG=1",
					"$(inherited)",
				);
				GCC_WARN_64_TO_32_BIT_CONVERSION = YES;
				GCC_WARN_ABOUT_RETURN_TYPE = YES_ERROR;
				GCC_WARN_UNDECLARED_SELECTOR = YES;
				GCC_WARN_UNINITIALIZED_AUTOS = YES_AGGRESSIVE;
				GCC_WARN_UNUSED_FUNCTION = YES;
				GCC_WARN_UNUSED_VARIABLE = YES;
				IPHONEOS_DEPLOYMENT_TARGET = 10.1;
				MTL_ENABLE_DEBUG_INFO = YES;
				ONLY_ACTIVE_ARCH = YES;
				SDKROOT = iphoneos;
			};
			name = Debug;
		};
		D397632B1E84EDB100BC6097 /* Release */ = {
			isa = XCBuildConfiguration;
			buildSettings = {
				ALWAYS_SEARCH_USER_PATHS = NO;
				CLANG_ANALYZER_NONNULL = YES;
				CLANG_CXX_LANGUAGE_STANDARD = "gnu++0x";
				CLANG_CXX_LIBRARY = "libc++";
				CLANG_ENABLE_MODULES = YES;
				CLANG_ENABLE_OBJC_ARC = YES;
				CLANG_WARN_BOOL_CONVERSION = YES;
				CLANG_WARN_CONSTANT_CONVERSION = YES;
				CLANG_WARN_DIRECT_OBJC_ISA_USAGE = YES_ERROR;
				CLANG_WARN_DOCUMENTATION_COMMENTS = YES;
				CLANG_WARN_EMPTY_BODY = YES;
				CLANG_WARN_ENUM_CONVERSION = YES;
				CLANG_WARN_INFINITE_RECURSION = YES;
				CLANG_WARN_INT_CONVERSION = YES;
				CLANG_WARN_OBJC_ROOT_CLASS = YES_ERROR;
				CLANG_WARN_SUSPICIOUS_MOVES = YES;
				CLANG_WARN_UNREACHABLE_CODE = YES;
				CLANG_WARN__DUPLICATE_METHOD_MATCH = YES;
				"CODE_SIGN_IDENTITY[sdk=iphoneos*]" = "iPhone Developer";
				COPY_PHASE_STRIP = NO;
				DEBUG_INFORMATION_FORMAT = "dwarf-with-dsym";
				ENABLE_NS_ASSERTIONS = NO;
				ENABLE_STRICT_OBJC_MSGSEND = YES;
				GCC_C_LANGUAGE_STANDARD = gnu99;
				GCC_NO_COMMON_BLOCKS = YES;
				GCC_WARN_64_TO_32_BIT_CONVERSION = YES;
				GCC_WARN_ABOUT_RETURN_TYPE = YES_ERROR;
				GCC_WARN_UNDECLARED_SELECTOR = YES;
				GCC_WARN_UNINITIALIZED_AUTOS = YES_AGGRESSIVE;
				GCC_WARN_UNUSED_FUNCTION = YES;
				GCC_WARN_UNUSED_VARIABLE = YES;
				IPHONEOS_DEPLOYMENT_TARGET = 10.1;
				MTL_ENABLE_DEBUG_INFO = NO;
				SDKROOT = iphoneos;
				VALIDATE_PRODUCT = YES;
			};
			name = Release;
		};
		D397632D1E84EDB100BC6097 /* Debug */ = {
			isa = XCBuildConfiguration;
			buildSettings = {
				ASSETCATALOG_COMPILER_APPICON_NAME = AppIcon;
				DEVELOPMENT_TEAM = DY8NXRF8KD;
				INFOPLIST_FILE = ExeToExp/Info.plist;
				LD_RUNPATH_SEARCH_PATHS = "$(inherited) @executable_path/Frameworks";
				PRODUCT_BUNDLE_IDENTIFIER = LOLITA.ExeToExp;
				PRODUCT_NAME = "$(TARGET_NAME)";
			};
			name = Debug;
		};
		D397632E1E84EDB100BC6097 /* Release */ = {
			isa = XCBuildConfiguration;
			buildSettings = {
				ASSETCATALOG_COMPILER_APPICON_NAME = AppIcon;
				DEVELOPMENT_TEAM = DY8NXRF8KD;
				INFOPLIST_FILE = ExeToExp/Info.plist;
				LD_RUNPATH_SEARCH_PATHS = "$(inherited) @executable_path/Frameworks";
				PRODUCT_BUNDLE_IDENTIFIER = LOLITA.ExeToExp;
				PRODUCT_NAME = "$(TARGET_NAME)";
			};
			name = Release;
		};
/* End XCBuildConfiguration section */

/* Begin XCConfigurationList section */
		D39763101E84EDB100BC6097 /* Build configuration list for PBXProject "ExeToExp" */ = {
			isa = XCConfigurationList;
			buildConfigurations = (
				D397632A1E84EDB100BC6097 /* Debug */,
				D397632B1E84EDB100BC6097 /* Release */,
			);
			defaultConfigurationIsVisible = 0;
			defaultConfigurationName = Release;
		};
		D397632C1E84EDB100BC6097 /* Build configuration list for PBXNativeTarget "ExeToExp" */ = {
			isa = XCConfigurationList;
			buildConfigurations = (
				D397632D1E84EDB100BC6097 /* Debug */,
				D397632E1E84EDB100BC6097 /* Release */,
			);
			defaultConfigurationIsVisible = 0;
		};
/* End XCConfigurationList section */
	};
	rootObject = D397630D1E84EDB100BC6097 /* Project object */;
}
